
Microsoft Visual Studio Solution File, Format Version 12.00
# Visual Studio Version 17
VisualStudioVersion = 17.9.34723.18
MinimumVisualStudioVersion = 10.0.40219.1
Project("{FAE04EC0-301F-11D3-BF4B-00C04F79EFBC}") = "CodePulse.API", "CodePulse.API\CodePulse.API.csproj", "{EDE79182-AAA7-4725-926C-AEB21C1E49FB}"
EndProject
Global
	GlobalSection(SolutionConfigurationPlatforms) = preSolution
		Debug|Any CPU = Debug|Any CPU
		Release|Any CPU = Release|Any CPU
	EndGlobalSection
	GlobalSection(ProjectConfigurationPlatforms) = postSolution
		{EDE79182-AAA7-4725-926C-AEB21C1E49FB}.Debug|Any CPU.ActiveCfg = Debug|Any CPU
		{EDE79182-AAA7-4725-926C-AEB21C1E49FB}.Debug|Any CPU.Build.0 = Debug|Any CPU
		{EDE79182-AAA7-4725-926C-AEB21C1E49FB}.Release|Any CPU.ActiveCfg = Release|Any CPU
		{EDE79182-AAA7-4725-926C-AEB21C1E49FB}.Release|Any CPU.Build.0 = Release|Any CPU
	EndGlobalSection
	GlobalSection(SolutionProperties) = preSolution
		HideSolutionNode = FALSE
	EndGlobalSection
	GlobalSection(ExtensibilityGlobals) = postSolution
		SolutionGuid = {44F85CEA-31C7-47C7-9844-5A8AC46A7A48}
	EndGlobalSection
EndGlobal
